
Microsoft Visual Studio Solution File, Format Version 12.00
# Visual Studio Version 16
VisualStudioVersion = 16.0.30717.126
MinimumVisualStudioVersion = 10.0.40219.1
Project("{FAE04EC0-301F-11D3-BF4B-00C04F79EFBC}") = "ConsoleAppCanvas", "ConsoleAppCanvas.csproj", "{1003BA00-B01C-437A-99AE-35BBAC439DDA}"
EndProject
Global
	GlobalSection(SolutionConfigurationPlatforms) = preSolution
		Debug|Any CPU = Debug|Any CPU
		Release|Any CPU = Release|Any CPU
	EndGlobalSection
	GlobalSection(ProjectConfigurationPlatforms) = postSolution
		{1003BA00-B01C-437A-99AE-35BBAC439DDA}.Debug|Any CPU.ActiveCfg = Debug|Any CPU
		{1003BA00-B01C-437A-99AE-35BBAC439DDA}.Debug|Any CPU.Build.0 = Debug|Any CPU
		{1003BA00-B01C-437A-99AE-35BBAC439DDA}.Release|Any CPU.ActiveCfg = Release|Any CPU
		{1003BA00-B01C-437A-99AE-35BBAC439DDA}.Release|Any CPU.Build.0 = Release|Any CPU
	EndGlobalSection
	GlobalSection(SolutionProperties) = preSolution
		HideSolutionNode = FALSE
	EndGlobalSection
	GlobalSection(ExtensibilityGlobals) = postSolution
		SolutionGuid = {9A4C12E3-1259-4B93-8602-61271361884D}
	EndGlobalSection
EndGlobal
